
Microsoft Visual Studio Solution File, Format Version 12.00
# Visual Studio Version 16
VisualStudioVersion = 16.0.31624.102
MinimumVisualStudioVersion = 10.0.40219.1
Project("{9A19103F-16F7-4668-BE54-9A1E7A4F7556}") = "AggregatorService", "AggregatorService\AggregatorService.csproj", "{EA73C0CA-1E99-49D7-BFE0-0B5B949D7FD9}"
EndProject
Project("{FAE04EC0-301F-11D3-BF4B-00C04F79EFBC}") = "AggregatorServiceTests", "AggregatorServiceTests\AggregatorServiceTests.csproj", "{C7EC03EE-F2D5-4FC0-BEE5-6F48191B6B8E}"
EndProject
Global
	GlobalSection(SolutionConfigurationPlatforms) = preSolution
		Debug|Any CPU = Debug|Any CPU
		Release|Any CPU = Release|Any CPU
	EndGlobalSection
	GlobalSection(ProjectConfigurationPlatforms) = postSolution
		{EA73C0CA-1E99-49D7-BFE0-0B5B949D7FD9}.Debug|Any CPU.ActiveCfg = Debug|Any CPU
		{EA73C0CA-1E99-49D7-BFE0-0B5B949D7FD9}.Debug|Any CPU.Build.0 = Debug|Any CPU
		{EA73C0CA-1E99-49D7-BFE0-0B5B949D7FD9}.Release|Any CPU.ActiveCfg = Release|Any CPU
		{EA73C0CA-1E99-49D7-BFE0-0B5B949D7FD9}.Release|Any CPU.Build.0 = Release|Any CPU
		{C7EC03EE-F2D5-4FC0-BEE5-6F48191B6B8E}.Debug|Any CPU.ActiveCfg = Debug|Any CPU
		{C7EC03EE-F2D5-4FC0-BEE5-6F48191B6B8E}.Debug|Any CPU.Build.0 = Debug|Any CPU
		{C7EC03EE-F2D5-4FC0-BEE5-6F48191B6B8E}.Release|Any CPU.ActiveCfg = Release|Any CPU
		{C7EC03EE-F2D5-4FC0-BEE5-6F48191B6B8E}.Release|Any CPU.Build.0 = Release|Any CPU
	EndGlobalSection
	GlobalSection(SolutionProperties) = preSolution
		HideSolutionNode = FALSE
	EndGlobalSection
	GlobalSection(ExtensibilityGlobals) = postSolution
		SolutionGuid = {81DC1195-7529-4A2C-BACF-7E818080FD17}
	EndGlobalSection
EndGlobal
